
Microsoft Visual Studio Solution File, Format Version 12.00
# Visual Studio Version 17
VisualStudioVersion = 17.3.32929.385
MinimumVisualStudioVersion = 10.0.40219.1
Project("{FAE04EC0-301F-11D3-BF4B-00C04F79EFBC}") = "AutoRequestStore", "AutoRequestStore.csproj", "{7D75146B-13BC-470C-BA75-23B5F3656AC0}"
EndProject
Global
	GlobalSection(SolutionConfigurationPlatforms) = preSolution
		Debug|Any CPU = Debug|Any CPU
		Release|Any CPU = Release|Any CPU
	EndGlobalSection
	GlobalSection(ProjectConfigurationPlatforms) = postSolution
		{7D75146B-13BC-470C-BA75-23B5F3656AC0}.Debug|Any CPU.ActiveCfg = Debug|Any CPU
		{7D75146B-13BC-470C-BA75-23B5F3656AC0}.Debug|Any CPU.Build.0 = Debug|Any CPU
		{7D75146B-13BC-470C-BA75-23B5F3656AC0}.Release|Any CPU.ActiveCfg = Release|Any CPU
		{7D75146B-13BC-470C-BA75-23B5F3656AC0}.Release|Any CPU.Build.0 = Release|Any CPU
	EndGlobalSection
	GlobalSection(SolutionProperties) = preSolution
		HideSolutionNode = FALSE
	EndGlobalSection
	GlobalSection(ExtensibilityGlobals) = postSolution
		SolutionGuid = {AA57991A-850D-402C-A0C5-A33E2939F106}
	EndGlobalSection
EndGlobal
